
Microsoft Visual Studio Solution File, Format Version 12.00
# Visual Studio 2013
VisualStudioVersion = 12.0.21005.1
MinimumVisualStudioVersion = 10.0.40219.1
Project("{8BC9CEB8-8B4A-11D0-8D11-00A0C91BC942}") = "LeetCode081_SearchinRotatedSortedArray2", "LeetCode81_SearchinRotatedSortedArray2\LeetCode81_SearchinRotatedSortedArray2.vcxproj", "{B696BD2C-6A5C-479D-8813-9266F85FF383}"
EndProject
Project("{8BC9CEB8-8B4A-11D0-8D11-00A0C91BC942}") = "LeetCode061_RotateList", "LeetCode61_RotateList\LeetCode61_RotateList.vcxproj", "{16BF936E-9690-418D-8E2D-F9A15DECCCCE}"
EndProject
Project("{8BC9CEB8-8B4A-11D0-8D11-00A0C91BC942}") = "LeetCode153_FindMinimuminRotatedSortedArray", "LeetCode153_FindMinimuminRotatedSortedArray\LeetCode153_FindMinimuminRotatedSortedArray.vcxproj", "{2B0DAD1D-8283-4BC8-B07E-3182C8D70DB4}"
EndProject
Project("{8BC9CEB8-8B4A-11D0-8D11-00A0C91BC942}") = "LeetCode300_LongestIncreasingSubsequence", "LeetCode300_LongestIncreasingSubsequence\LeetCode300_LongestIncreasingSubsequence.vcxproj", "{3AE5145F-9DFA-4D3D-B2A0-C8DD63F54EAC}"
EndProject
Project("{8BC9CEB8-8B4A-11D0-8D11-00A0C91BC942}") = "LeetCode003_LongestSubstringWithoutRepeatingCharacters", "LeetCode3_LongestSubstringWithoutRepeatingCharacters\LeetCode3_LongestSubstringWithoutRepeatingCharacters.vcxproj", "{D0D42792-CEF2-4A77-8E70-B618B07086E9}"
EndProject
Project("{8BC9CEB8-8B4A-11D0-8D11-00A0C91BC942}") = "LeetCode005_LongestPalindromicSubstring", "LeetCode5_LongestPalindromicSubstring\LeetCode5_LongestPalindromicSubstring.vcxproj", "{EC33957D-15E7-4DF3-85FD-9258962300E4}"
EndProject
Project("{8BC9CEB8-8B4A-11D0-8D11-00A0C91BC942}") = "LeetCode151_ReverseWordsinaString", "151_ReverseWordsinaString\151_ReverseWordsinaString.vcxproj", "{98C67F42-6B91-4196-9403-B41D955E3926}"
EndProject
Project("{8BC9CEB8-8B4A-11D0-8D11-00A0C91BC942}") = "093_RestoreIPAddresses", "93_RestoreIPAddresses\93_RestoreIPAddresses.vcxproj", "{08B16DE0-A75F-456E-BB05-3D35B032515D}"
EndProject
Project("{8BC9CEB8-8B4A-11D0-8D11-00A0C91BC942}") = "043_MultiplyStrings", "43_MultiplyStrings\43_MultiplyStrings.vcxproj", "{540DFDE3-1687-4486-AF58-93F68F9DB759}"
EndProject
Project("{8BC9CEB8-8B4A-11D0-8D11-00A0C91BC942}") = "Leetcode209_MinimumSizeSubarraySum", "209_MinimumSizeSubarraySum\209_MinimumSizeSubarraySum.vcxproj", "{29DCE9A9-6D9B-4715-B78D-8DDB659484B5}"
EndProject
Project("{8BC9CEB8-8B4A-11D0-8D11-00A0C91BC942}") = "230_KthSmallestElementinaBST", "230_KthSmallestElementinaBST\230_KthSmallestElementinaBST.vcxproj", "{519657A9-FEBE-4FC9-AD46-9E378D427DC5}"
EndProject
Project("{8BC9CEB8-8B4A-11D0-8D11-00A0C91BC942}") = "162_FindPeakElement", "162_FindPeakElement\162_FindPeakElement.vcxproj", "{BA49DE21-4B13-4940-8D39-D3C123CE8A0B}"
EndProject
Global
	GlobalSection(SolutionConfigurationPlatforms) = preSolution
		Debug|Win32 = Debug|Win32
		Release|Win32 = Release|Win32
	EndGlobalSection
	GlobalSection(ProjectConfigurationPlatforms) = postSolution
		{B696BD2C-6A5C-479D-8813-9266F85FF383}.Debug|Win32.ActiveCfg = Debug|Win32
		{B696BD2C-6A5C-479D-8813-9266F85FF383}.Debug|Win32.Build.0 = Debug|Win32
		{B696BD2C-6A5C-479D-8813-9266F85FF383}.Release|Win32.ActiveCfg = Release|Win32
		{B696BD2C-6A5C-479D-8813-9266F85FF383}.Release|Win32.Build.0 = Release|Win32
		{16BF936E-9690-418D-8E2D-F9A15DECCCCE}.Debug|Win32.ActiveCfg = Debug|Win32
		{16BF936E-9690-418D-8E2D-F9A15DECCCCE}.Debug|Win32.Build.0 = Debug|Win32
		{16BF936E-9690-418D-8E2D-F9A15DECCCCE}.Release|Win32.ActiveCfg = Release|Win32
		{16BF936E-9690-418D-8E2D-F9A15DECCCCE}.Release|Win32.Build.0 = Release|Win32
		{2B0DAD1D-8283-4BC8-B07E-3182C8D70DB4}.Debug|Win32.ActiveCfg = Debug|Win32
		{2B0DAD1D-8283-4BC8-B07E-3182C8D70DB4}.Debug|Win32.Build.0 = Debug|Win32
		{2B0DAD1D-8283-4BC8-B07E-3182C8D70DB4}.Release|Win32.ActiveCfg = Release|Win32
		{2B0DAD1D-8283-4BC8-B07E-3182C8D70DB4}.Release|Win32.Build.0 = Release|Win32
		{3AE5145F-9DFA-4D3D-B2A0-C8DD63F54EAC}.Debug|Win32.ActiveCfg = Debug|Win32
		{3AE5145F-9DFA-4D3D-B2A0-C8DD63F54EAC}.Debug|Win32.Build.0 = Debug|Win32
		{3AE5145F-9DFA-4D3D-B2A0-C8DD63F54EAC}.Release|Win32.ActiveCfg = Release|Win32
		{3AE5145F-9DFA-4D3D-B2A0-C8DD63F54EAC}.Release|Win32.Build.0 = Release|Win32
		{D0D42792-CEF2-4A77-8E70-B618B07086E9}.Debug|Win32.ActiveCfg = Debug|Win32
		{D0D42792-CEF2-4A77-8E70-B618B07086E9}.Debug|Win32.Build.0 = Debug|Win32
		{D0D42792-CEF2-4A77-8E70-B618B07086E9}.Release|Win32.ActiveCfg = Release|Win32
		{D0D42792-CEF2-4A77-8E70-B618B07086E9}.Release|Win32.Build.0 = Release|Win32
		{EC33957D-15E7-4DF3-85FD-9258962300E4}.Debug|Win32.ActiveCfg = Debug|Win32
		{EC33957D-15E7-4DF3-85FD-9258962300E4}.Debug|Win32.Build.0 = Debug|Win32
		{EC33957D-15E7-4DF3-85FD-9258962300E4}.Release|Win32.ActiveCfg = Release|Win32
		{EC33957D-15E7-4DF3-85FD-9258962300E4}.Release|Win32.Build.0 = Release|Win32
		{98C67F42-6B91-4196-9403-B41D955E3926}.Debug|Win32.ActiveCfg = Debug|Win32
		{98C67F42-6B91-4196-9403-B41D955E3926}.Debug|Win32.Build.0 = Debug|Win32
		{98C67F42-6B91-4196-9403-B41D955E3926}.Release|Win32.ActiveCfg = Release|Win32
		{98C67F42-6B91-4196-9403-B41D955E3926}.Release|Win32.Build.0 = Release|Win32
		{08B16DE0-A75F-456E-BB05-3D35B032515D}.Debug|Win32.ActiveCfg = Debug|Win32
		{08B16DE0-A75F-456E-BB05-3D35B032515D}.Debug|Win32.Build.0 = Debug|Win32
		{08B16DE0-A75F-456E-BB05-3D35B032515D}.Release|Win32.ActiveCfg = Release|Win32
		{08B16DE0-A75F-456E-BB05-3D35B032515D}.Release|Win32.Build.0 = Release|Win32
		{540DFDE3-1687-4486-AF58-93F68F9DB759}.Debug|Win32.ActiveCfg = Debug|Win32
		{540DFDE3-1687-4486-AF58-93F68F9DB759}.Debug|Win32.Build.0 = Debug|Win32
		{540DFDE3-1687-4486-AF58-93F68F9DB759}.Release|Win32.ActiveCfg = Release|Win32
		{540DFDE3-1687-4486-AF58-93F68F9DB759}.Release|Win32.Build.0 = Release|Win32
		{29DCE9A9-6D9B-4715-B78D-8DDB659484B5}.Debug|Win32.ActiveCfg = Debug|Win32
		{29DCE9A9-6D9B-4715-B78D-8DDB659484B5}.Debug|Win32.Build.0 = Debug|Win32
		{29DCE9A9-6D9B-4715-B78D-8DDB659484B5}.Release|Win32.ActiveCfg = Release|Win32
		{29DCE9A9-6D9B-4715-B78D-8DDB659484B5}.Release|Win32.Build.0 = Release|Win32
		{519657A9-FEBE-4FC9-AD46-9E378D427DC5}.Debug|Win32.ActiveCfg = Debug|Win32
		{519657A9-FEBE-4FC9-AD46-9E378D427DC5}.Debug|Win32.Build.0 = Debug|Win32
		{519657A9-FEBE-4FC9-AD46-9E378D427DC5}.Release|Win32.ActiveCfg = Release|Win32
		{519657A9-FEBE-4FC9-AD46-9E378D427DC5}.Release|Win32.Build.0 = Release|Win32
		{BA49DE21-4B13-4940-8D39-D3C123CE8A0B}.Debug|Win32.ActiveCfg = Debug|Win32
		{BA49DE21-4B13-4940-8D39-D3C123CE8A0B}.Debug|Win32.Build.0 = Debug|Win32
		{BA49DE21-4B13-4940-8D39-D3C123CE8A0B}.Release|Win32.ActiveCfg = Release|Win32
		{BA49DE21-4B13-4940-8D39-D3C123CE8A0B}.Release|Win32.Build.0 = Release|Win32
	EndGlobalSection
	GlobalSection(SolutionProperties) = preSolution
		HideSolutionNode = FALSE
	EndGlobalSection
EndGlobal
