
Microsoft Visual Studio Solution File, Format Version 12.00
# Visual Studio 2013
VisualStudioVersion = 12.0.21005.1
MinimumVisualStudioVersion = 10.0.40219.1
Project("{8BC9CEB8-8B4A-11D0-8D11-00A0C91BC942}") = "LeetCode81_SearchinRotatedSortedArray2", "LeetCode81_SearchinRotatedSortedArray2\LeetCode81_SearchinRotatedSortedArray2.vcxproj", "{B696BD2C-6A5C-479D-8813-9266F85FF383}"
EndProject
Project("{8BC9CEB8-8B4A-11D0-8D11-00A0C91BC942}") = "LeetCode61_RotateList", "LeetCode61_RotateList\LeetCode61_RotateList.vcxproj", "{16BF936E-9690-418D-8E2D-F9A15DECCCCE}"
EndProject
Project("{8BC9CEB8-8B4A-11D0-8D11-00A0C91BC942}") = "LeetCode153_FindMinimuminRotatedSortedArray", "LeetCode153_FindMinimuminRotatedSortedArray\LeetCode153_FindMinimuminRotatedSortedArray.vcxproj", "{2B0DAD1D-8283-4BC8-B07E-3182C8D70DB4}"
EndProject
Global
	GlobalSection(SolutionConfigurationPlatforms) = preSolution
		Debug|Win32 = Debug|Win32
		Release|Win32 = Release|Win32
	EndGlobalSection
	GlobalSection(ProjectConfigurationPlatforms) = postSolution
		{B696BD2C-6A5C-479D-8813-9266F85FF383}.Debug|Win32.ActiveCfg = Debug|Win32
		{B696BD2C-6A5C-479D-8813-9266F85FF383}.Debug|Win32.Build.0 = Debug|Win32
		{B696BD2C-6A5C-479D-8813-9266F85FF383}.Release|Win32.ActiveCfg = Release|Win32
		{B696BD2C-6A5C-479D-8813-9266F85FF383}.Release|Win32.Build.0 = Release|Win32
		{16BF936E-9690-418D-8E2D-F9A15DECCCCE}.Debug|Win32.ActiveCfg = Debug|Win32
		{16BF936E-9690-418D-8E2D-F9A15DECCCCE}.Debug|Win32.Build.0 = Debug|Win32
		{16BF936E-9690-418D-8E2D-F9A15DECCCCE}.Release|Win32.ActiveCfg = Release|Win32
		{16BF936E-9690-418D-8E2D-F9A15DECCCCE}.Release|Win32.Build.0 = Release|Win32
		{2B0DAD1D-8283-4BC8-B07E-3182C8D70DB4}.Debug|Win32.ActiveCfg = Debug|Win32
		{2B0DAD1D-8283-4BC8-B07E-3182C8D70DB4}.Debug|Win32.Build.0 = Debug|Win32
		{2B0DAD1D-8283-4BC8-B07E-3182C8D70DB4}.Release|Win32.ActiveCfg = Release|Win32
		{2B0DAD1D-8283-4BC8-B07E-3182C8D70DB4}.Release|Win32.Build.0 = Release|Win32
	EndGlobalSection
	GlobalSection(SolutionProperties) = preSolution
		HideSolutionNode = FALSE
	EndGlobalSection
EndGlobal
