
Microsoft Visual Studio Solution File, Format Version 12.00
# Visual Studio 2013
VisualStudioVersion = 12.0.21005.1
MinimumVisualStudioVersion = 10.0.40219.1
Project("{8BC9CEB8-8B4A-11D0-8D11-00A0C91BC942}") = "LeetCodeEasy", "LeetCodeEasy\LeetCodeEasy.vcxproj", "{77D8F3BF-6E84-43B7-8DBF-A1FECCAC828B}"
EndProject
Project("{8BC9CEB8-8B4A-11D0-8D11-00A0C91BC942}") = "LeetCode013_RomantoInteger", "LeetCode013_RomantoInteger\LeetCode013_RomantoInteger.vcxproj", "{1887E8F6-8951-4FE0-BDAA-367C11E72D51}"
EndProject
Global
	GlobalSection(SolutionConfigurationPlatforms) = preSolution
		Debug|Win32 = Debug|Win32
		Release|Win32 = Release|Win32
	EndGlobalSection
	GlobalSection(ProjectConfigurationPlatforms) = postSolution
		{77D8F3BF-6E84-43B7-8DBF-A1FECCAC828B}.Debug|Win32.ActiveCfg = Debug|Win32
		{77D8F3BF-6E84-43B7-8DBF-A1FECCAC828B}.Debug|Win32.Build.0 = Debug|Win32
		{77D8F3BF-6E84-43B7-8DBF-A1FECCAC828B}.Release|Win32.ActiveCfg = Release|Win32
		{77D8F3BF-6E84-43B7-8DBF-A1FECCAC828B}.Release|Win32.Build.0 = Release|Win32
		{1887E8F6-8951-4FE0-BDAA-367C11E72D51}.Debug|Win32.ActiveCfg = Debug|Win32
		{1887E8F6-8951-4FE0-BDAA-367C11E72D51}.Debug|Win32.Build.0 = Debug|Win32
		{1887E8F6-8951-4FE0-BDAA-367C11E72D51}.Release|Win32.ActiveCfg = Release|Win32
		{1887E8F6-8951-4FE0-BDAA-367C11E72D51}.Release|Win32.Build.0 = Release|Win32
	EndGlobalSection
	GlobalSection(SolutionProperties) = preSolution
		HideSolutionNode = FALSE
	EndGlobalSection
EndGlobal
